
Microsoft Visual Studio Solution File, Format Version 12.00
# Visual Studio Version 17
VisualStudioVersion = 17.7.34024.191
MinimumVisualStudioVersion = 10.0.40219.1
Project("{FAE04EC0-301F-11D3-BF4B-00C04F79EFBC}") = "ConsoleApp-.NET-Framework-4.8", "ConsoleApp-.NET-Framework-4.8\ConsoleApp-.NET-Framework-4.8.csproj", "{AEE2EE8E-361A-4509-9158-52A7DB5A2F3D}"
EndProject
Global
	GlobalSection(SolutionConfigurationPlatforms) = preSolution
		Debug|Any CPU = Debug|Any CPU
		Release|Any CPU = Release|Any CPU
	EndGlobalSection
	GlobalSection(ProjectConfigurationPlatforms) = postSolution
		{AEE2EE8E-361A-4509-9158-52A7DB5A2F3D}.Debug|Any CPU.ActiveCfg = Debug|Any CPU
		{AEE2EE8E-361A-4509-9158-52A7DB5A2F3D}.Debug|Any CPU.Build.0 = Debug|Any CPU
		{AEE2EE8E-361A-4509-9158-52A7DB5A2F3D}.Release|Any CPU.ActiveCfg = Release|Any CPU
		{AEE2EE8E-361A-4509-9158-52A7DB5A2F3D}.Release|Any CPU.Build.0 = Release|Any CPU
	EndGlobalSection
	GlobalSection(SolutionProperties) = preSolution
		HideSolutionNode = FALSE
	EndGlobalSection
	GlobalSection(ExtensibilityGlobals) = postSolution
		SolutionGuid = {40387ABE-1258-46CB-8D44-2D74302D743C}
	EndGlobalSection
EndGlobal
